// !$*UTF8*$!
{
	archiveVersion = 1;
	classes = {
	};
	objectVersion = 56;
	objects = {

/* Begin PBXBuildFile section */
		043D13D329F8503000B312A7 /* CardRulesViewController.swift in Sources */ = {isa = PBXBuildFile; fileRef = 043D13D229F8503000B312A7 /* CardRulesViewController.swift */; };
		0490665929F9888800D4B8AE /* AppImages.swift in Sources */ = {isa = PBXBuildFile; fileRef = 0490665829F9888800D4B8AE /* AppImages.swift */; };
		0490665B29F9945700D4B8AE /* IdentifierConstants.swift in Sources */ = {isa = PBXBuildFile; fileRef = 0490665A29F9945700D4B8AE /* IdentifierConstants.swift */; };
		04A9A35829F6097100690458 /* AppDelegate.swift in Sources */ = {isa = PBXBuildFile; fileRef = 04A9A35729F6097100690458 /* AppDelegate.swift */; };
		04A9A35A29F6097100690458 /* SceneDelegate.swift in Sources */ = {isa = PBXBuildFile; fileRef = 04A9A35929F6097100690458 /* SceneDelegate.swift */; };
		04A9A35C29F6097100690458 /* CardSelectionViewController.swift in Sources */ = {isa = PBXBuildFile; fileRef = 04A9A35B29F6097100690458 /* CardSelectionViewController.swift */; };
		04A9A35F29F6097100690458 /* Main.storyboard in Resources */ = {isa = PBXBuildFile; fileRef = 04A9A35D29F6097100690458 /* Main.storyboard */; };
		04A9A36129F6097300690458 /* Assets.xcassets in Resources */ = {isa = PBXBuildFile; fileRef = 04A9A36029F6097300690458 /* Assets.xcassets */; };
		04A9A36429F6097300690458 /* LaunchScreen.storyboard in Resources */ = {isa = PBXBuildFile; fileRef = 04A9A36229F6097300690458 /* LaunchScreen.storyboard */; };
/* End PBXBuildFile section */

/* Begin PBXFileReference section */
		043D13D229F8503000B312A7 /* CardRulesViewController.swift */ = {isa = PBXFileReference; lastKnownFileType = sourcecode.swift; path = CardRulesViewController.swift; sourceTree = "<group>"; };
		0490665829F9888800D4B8AE /* AppImages.swift */ = {isa = PBXFileReference; lastKnownFileType = sourcecode.swift; path = AppImages.swift; sourceTree = "<group>"; };
		0490665A29F9945700D4B8AE /* IdentifierConstants.swift */ = {isa = PBXFileReference; lastKnownFileType = sourcecode.swift; path = IdentifierConstants.swift; sourceTree = "<group>"; };
		04A9A35429F6097100690458 /* CardWorkOutGame.app */ = {isa = PBXFileReference; explicitFileType = wrapper.application; includeInIndex = 0; path = CardWorkOutGame.app; sourceTree = BUILT_PRODUCTS_DIR; };
		04A9A35729F6097100690458 /* AppDelegate.swift */ = {isa = PBXFileReference; lastKnownFileType = sourcecode.swift; path = AppDelegate.swift; sourceTree = "<group>"; };
		04A9A35929F6097100690458 /* SceneDelegate.swift */ = {isa = PBXFileReference; lastKnownFileType = sourcecode.swift; path = SceneDelegate.swift; sourceTree = "<group>"; };
		04A9A35B29F6097100690458 /* CardSelectionViewController.swift */ = {isa = PBXFileReference; lastKnownFileType = sourcecode.swift; path = CardSelectionViewController.swift; sourceTree = "<group>"; };
		04A9A35E29F6097100690458 /* Base */ = {isa = PBXFileReference; lastKnownFileType = file.storyboard; name = Base; path = Base.lproj/Main.storyboard; sourceTree = "<group>"; };
		04A9A36029F6097300690458 /* Assets.xcassets */ = {isa = PBXFileReference; lastKnownFileType = folder.assetcatalog; path = Assets.xcassets; sourceTree = "<group>"; };
		04A9A36329F6097300690458 /* Base */ = {isa = PBXFileReference; lastKnownFileType = file.storyboard; name = Base; path = Base.lproj/LaunchScreen.storyboard; sourceTree = "<group>"; };
		04A9A36529F6097300690458 /* Info.plist */ = {isa = PBXFileReference; lastKnownFileType = text.plist.xml; path = Info.plist; sourceTree = "<group>"; };
/* End PBXFileReference section */

/* Begin PBXFrameworksBuildPhase section */
		04A9A35129F6097100690458 /* Frameworks */ = {
			isa = PBXFrameworksBuildPhase;
			buildActionMask = 2147483647;
			files = (
			);
			runOnlyForDeploymentPostprocessing = 0;
		};
/* End PBXFrameworksBuildPhase section */

/* Begin PBXGroup section */
		0490665329F987D900D4B8AE /* Models */ = {
			isa = PBXGroup;
			children = (
			);
			path = Models;
			sourceTree = "<group>";
		};
		0490665529F987F600D4B8AE /* Views */ = {
			isa = PBXGroup;
			children = (
				04A9A35D29F6097100690458 /* Main.storyboard */,
			);
			path = Views;
			sourceTree = "<group>";
		};
		0490665629F9880300D4B8AE /* Controllers */ = {
			isa = PBXGroup;
			children = (
				043D13D229F8503000B312A7 /* CardRulesViewController.swift */,
				04A9A35B29F6097100690458 /* CardSelectionViewController.swift */,
			);
			path = Controllers;
			sourceTree = "<group>";
		};
		0490665729F9883D00D4B8AE /* Constants */ = {
			isa = PBXGroup;
			children = (
				0490665829F9888800D4B8AE /* AppImages.swift */,
				0490665A29F9945700D4B8AE /* IdentifierConstants.swift */,
			);
			path = Constants;
			sourceTree = "<group>";
		};
		04A9A34B29F6097100690458 = {
			isa = PBXGroup;
			children = (
				04A9A35629F6097100690458 /* CardWorkOutGame */,
				04A9A35529F6097100690458 /* Products */,
			);
			sourceTree = "<group>";
		};
		04A9A35529F6097100690458 /* Products */ = {
			isa = PBXGroup;
			children = (
				04A9A35429F6097100690458 /* CardWorkOutGame.app */,
			);
			name = Products;
			sourceTree = "<group>";
		};
		04A9A35629F6097100690458 /* CardWorkOutGame */ = {
			isa = PBXGroup;
			children = (
				0490665729F9883D00D4B8AE /* Constants */,
				0490665629F9880300D4B8AE /* Controllers */,
				0490665529F987F600D4B8AE /* Views */,
				0490665329F987D900D4B8AE /* Models */,
				04A9A35729F6097100690458 /* AppDelegate.swift */,
				04A9A35929F6097100690458 /* SceneDelegate.swift */,
				04A9A36029F6097300690458 /* Assets.xcassets */,
				04A9A36229F6097300690458 /* LaunchScreen.storyboard */,
				04A9A36529F6097300690458 /* Info.plist */,
			);
			path = CardWorkOutGame;
			sourceTree = "<group>";
		};
/* End PBXGroup section */

/* Begin PBXNativeTarget section */
		04A9A35329F6097100690458 /* CardWorkOutGame */ = {
			isa = PBXNativeTarget;
			buildConfigurationList = 04A9A36829F6097300690458 /* Build configuration list for PBXNativeTarget "CardWorkOutGame" */;
			buildPhases = (
				04A9A35029F6097100690458 /* Sources */,
				04A9A35129F6097100690458 /* Frameworks */,
				04A9A35229F6097100690458 /* Resources */,
			);
			buildRules = (
			);
			dependencies = (
			);
			name = CardWorkOutGame;
			productName = CardWorkOutGame;
			productReference = 04A9A35429F6097100690458 /* CardWorkOutGame.app */;
			productType = "com.apple.product-type.application";
		};
/* End PBXNativeTarget section */

/* Begin PBXProject section */
		04A9A34C29F6097100690458 /* Project object */ = {
			isa = PBXProject;
			attributes = {
				BuildIndependentTargetsInParallel = 1;
				LastSwiftUpdateCheck = 1420;
				LastUpgradeCheck = 1420;
				TargetAttributes = {
					04A9A35329F6097100690458 = {
						CreatedOnToolsVersion = 14.2;
					};
				};
			};
			buildConfigurationList = 04A9A34F29F6097100690458 /* Build configuration list for PBXProject "CardWorkOutGame" */;
			compatibilityVersion = "Xcode 14.0";
			developmentRegion = en;
			hasScannedForEncodings = 0;
			knownRegions = (
				en,
				Base,
			);
			mainGroup = 04A9A34B29F6097100690458;
			productRefGroup = 04A9A35529F6097100690458 /* Products */;
			projectDirPath = "";
			projectRoot = "";
			targets = (
				04A9A35329F6097100690458 /* CardWorkOutGame */,
			);
		};
/* End PBXProject section */

/* Begin PBXResourcesBuildPhase section */
		04A9A35229F6097100690458 /* Resources */ = {
			isa = PBXResourcesBuildPhase;
			buildActionMask = 2147483647;
			files = (
				04A9A36429F6097300690458 /* LaunchScreen.storyboard in Resources */,
				04A9A36129F6097300690458 /* Assets.xcassets in Resources */,
				04A9A35F29F6097100690458 /* Main.storyboard in Resources */,
			);
			runOnlyForDeploymentPostprocessing = 0;
		};
/* End PBXResourcesBuildPhase section */

/* Begin PBXSourcesBuildPhase section */
		04A9A35029F6097100690458 /* Sources */ = {
			isa = PBXSourcesBuildPhase;
			buildActionMask = 2147483647;
			files = (
				043D13D329F8503000B312A7 /* CardRulesViewController.swift in Sources */,
				04A9A35C29F6097100690458 /* CardSelectionViewController.swift in Sources */,
				04A9A35829F6097100690458 /* AppDelegate.swift in Sources */,
				0490665929F9888800D4B8AE /* AppImages.swift in Sources */,
				04A9A35A29F6097100690458 /* SceneDelegate.swift in Sources */,
				0490665B29F9945700D4B8AE /* IdentifierConstants.swift in Sources */,
			);
			runOnlyForDeploymentPostprocessing = 0;
		};
/* End PBXSourcesBuildPhase section */

/* Begin PBXVariantGroup section */
		04A9A35D29F6097100690458 /* Main.storyboard */ = {
			isa = PBXVariantGroup;
			children = (
				04A9A35E29F6097100690458 /* Base */,
			);
			name = Main.storyboard;
			sourceTree = "<group>";
		};
		04A9A36229F6097300690458 /* LaunchScreen.storyboard */ = {
			isa = PBXVariantGroup;
			children = (
				04A9A36329F6097300690458 /* Base */,
			);
			name = LaunchScreen.storyboard;
			sourceTree = "<group>";
		};
/* End PBXVariantGroup section */

/* Begin XCBuildConfiguration section */
		04A9A36629F6097300690458 /* Debug */ = {
			isa = XCBuildConfiguration;
			buildSettings = {
				ALWAYS_SEARCH_USER_PATHS = NO;
				CLANG_ANALYZER_NONNULL = YES;
				CLANG_ANALYZER_NUMBER_OBJECT_CONVERSION = YES_AGGRESSIVE;
				CLANG_CXX_LANGUAGE_STANDARD = "gnu++20";
				CLANG_ENABLE_MODULES = YES;
				CLANG_ENABLE_OBJC_ARC = YES;
				CLANG_ENABLE_OBJC_WEAK = YES;
				CLANG_WARN_BLOCK_CAPTURE_AUTORELEASING = YES;
				CLANG_WARN_BOOL_CONVERSION = YES;
				CLANG_WARN_COMMA = YES;
				CLANG_WARN_CONSTANT_CONVERSION = YES;
				CLANG_WARN_DEPRECATED_OBJC_IMPLEMENTATIONS = YES;
				CLANG_WARN_DIRECT_OBJC_ISA_USAGE = YES_ERROR;
				CLANG_WARN_DOCUMENTATION_COMMENTS = YES;
				CLANG_WARN_EMPTY_BODY = YES;
				CLANG_WARN_ENUM_CONVERSION = YES;
				CLANG_WARN_INFINITE_RECURSION = YES;
				CLANG_WARN_INT_CONVERSION = YES;
				CLANG_WARN_NON_LITERAL_NULL_CONVERSION = YES;
				CLANG_WARN_OBJC_IMPLICIT_RETAIN_SELF = YES;
				CLANG_WARN_OBJC_LITERAL_CONVERSION = YES;
				CLANG_WARN_OBJC_ROOT_CLASS = YES_ERROR;
				CLANG_WARN_QUOTED_INCLUDE_IN_FRAMEWORK_HEADER = YES;
				CLANG_WARN_RANGE_LOOP_ANALYSIS = YES;
				CLANG_WARN_STRICT_PROTOTYPES = YES;
				CLANG_WARN_SUSPICIOUS_MOVE = YES;
				CLANG_WARN_UNGUARDED_AVAILABILITY = YES_AGGRESSIVE;
				CLANG_WARN_UNREACHABLE_CODE = YES;
				CLANG_WARN__DUPLICATE_METHOD_MATCH = YES;
				COPY_PHASE_STRIP = NO;
				DEBUG_INFORMATION_FORMAT = dwarf;
				ENABLE_STRICT_OBJC_MSGSEND = YES;
				ENABLE_TESTABILITY = YES;
				GCC_C_LANGUAGE_STANDARD = gnu11;
				GCC_DYNAMIC_NO_PIC = NO;
				GCC_NO_COMMON_BLOCKS = YES;
				GCC_OPTIMIZATION_LEVEL = 0;
				GCC_PREPROCESSOR_DEFINITIONS = (
					"DEBUG=1",
					"$(inherited)",
				);
				GCC_WARN_64_TO_32_BIT_CONVERSION = YES;
				GCC_WARN_ABOUT_RETURN_TYPE = YES_ERROR;
				GCC_WARN_UNDECLARED_SELECTOR = YES;
				GCC_WARN_UNINITIALIZED_AUTOS = YES_AGGRESSIVE;
				GCC_WARN_UNUSED_FUNCTION = YES;
				GCC_WARN_UNUSED_VARIABLE = YES;
				IPHONEOS_DEPLOYMENT_TARGET = 16.2;
				MTL_ENABLE_DEBUG_INFO = INCLUDE_SOURCE;
				MTL_FAST_MATH = YES;
				ONLY_ACTIVE_ARCH = YES;
				SDKROOT = iphoneos;
				SWIFT_ACTIVE_COMPILATION_CONDITIONS = DEBUG;
				SWIFT_OPTIMIZATION_LEVEL = "-Onone";
			};
			name = Debug;
		};
		04A9A36729F6097300690458 /* Release */ = {
			isa = XCBuildConfiguration;
			buildSettings = {
				ALWAYS_SEARCH_USER_PATHS = NO;
				CLANG_ANALYZER_NONNULL = YES;
				CLANG_ANALYZER_NUMBER_OBJECT_CONVERSION = YES_AGGRESSIVE;
				CLANG_CXX_LANGUAGE_STANDARD = "gnu++20";
				CLANG_ENABLE_MODULES = YES;
				CLANG_ENABLE_OBJC_ARC = YES;
				CLANG_ENABLE_OBJC_WEAK = YES;
				CLANG_WARN_BLOCK_CAPTURE_AUTORELEASING = YES;
				CLANG_WARN_BOOL_CONVERSION = YES;
				CLANG_WARN_COMMA = YES;
				CLANG_WARN_CONSTANT_CONVERSION = YES;
				CLANG_WARN_DEPRECATED_OBJC_IMPLEMENTATIONS = YES;
				CLANG_WARN_DIRECT_OBJC_ISA_USAGE = YES_ERROR;
				CLANG_WARN_DOCUMENTATION_COMMENTS = YES;
				CLANG_WARN_EMPTY_BODY = YES;
				CLANG_WARN_ENUM_CONVERSION = YES;
				CLANG_WARN_INFINITE_RECURSION = YES;
				CLANG_WARN_INT_CONVERSION = YES;
				CLANG_WARN_NON_LITERAL_NULL_CONVERSION = YES;
				CLANG_WARN_OBJC_IMPLICIT_RETAIN_SELF = YES;
				CLANG_WARN_OBJC_LITERAL_CONVERSION = YES;
				CLANG_WARN_OBJC_ROOT_CLASS = YES_ERROR;
				CLANG_WARN_QUOTED_INCLUDE_IN_FRAMEWORK_HEADER = YES;
				CLANG_WARN_RANGE_LOOP_ANALYSIS = YES;
				CLANG_WARN_STRICT_PROTOTYPES = YES;
				CLANG_WARN_SUSPICIOUS_MOVE = YES;
				CLANG_WARN_UNGUARDED_AVAILABILITY = YES_AGGRESSIVE;
				CLANG_WARN_UNREACHABLE_CODE = YES;
				CLANG_WARN__DUPLICATE_METHOD_MATCH = YES;
				COPY_PHASE_STRIP = NO;
				DEBUG_INFORMATION_FORMAT = "dwarf-with-dsym";
				ENABLE_NS_ASSERTIONS = NO;
				ENABLE_STRICT_OBJC_MSGSEND = YES;
				GCC_C_LANGUAGE_STANDARD = gnu11;
				GCC_NO_COMMON_BLOCKS = YES;
				GCC_WARN_64_TO_32_BIT_CONVERSION = YES;
				GCC_WARN_ABOUT_RETURN_TYPE = YES_ERROR;
				GCC_WARN_UNDECLARED_SELECTOR = YES;
				GCC_WARN_UNINITIALIZED_AUTOS = YES_AGGRESSIVE;
				GCC_WARN_UNUSED_FUNCTION = YES;
				GCC_WARN_UNUSED_VARIABLE = YES;
				IPHONEOS_DEPLOYMENT_TARGET = 16.2;
				MTL_ENABLE_DEBUG_INFO = NO;
				MTL_FAST_MATH = YES;
				SDKROOT = iphoneos;
				SWIFT_COMPILATION_MODE = wholemodule;
				SWIFT_OPTIMIZATION_LEVEL = "-O";
				VALIDATE_PRODUCT = YES;
			};
			name = Release;
		};
		04A9A36929F6097300690458 /* Debug */ = {
			isa = XCBuildConfiguration;
			buildSettings = {
				ASSETCATALOG_COMPILER_APPICON_NAME = AppIcon;
				ASSETCATALOG_COMPILER_GLOBAL_ACCENT_COLOR_NAME = AccentColor;
				CODE_SIGN_STYLE = Automatic;
				CURRENT_PROJECT_VERSION = 1;
				DEVELOPMENT_TEAM = WZSGT99L6W;
				GENERATE_INFOPLIST_FILE = YES;
				INFOPLIST_FILE = CardWorkOutGame/Info.plist;
				INFOPLIST_KEY_UIApplicationSupportsIndirectInputEvents = YES;
				INFOPLIST_KEY_UILaunchStoryboardName = LaunchScreen;
				INFOPLIST_KEY_UIMainStoryboardFile = Main;
				INFOPLIST_KEY_UISupportedInterfaceOrientations_iPad = "UIInterfaceOrientationPortrait UIInterfaceOrientationPortraitUpsideDown UIInterfaceOrientationLandscapeLeft UIInterfaceOrientationLandscapeRight";
				INFOPLIST_KEY_UISupportedInterfaceOrientations_iPhone = "UIInterfaceOrientationPortrait UIInterfaceOrientationLandscapeLeft UIInterfaceOrientationLandscapeRight";
				LD_RUNPATH_SEARCH_PATHS = (
					"$(inherited)",
					"@executable_path/Frameworks",
				);
				MARKETING_VERSION = 1.0;
				PRODUCT_BUNDLE_IDENTIFIER = com.jkd.CardWorkOutGame;
				PRODUCT_NAME = "$(TARGET_NAME)";
				SWIFT_EMIT_LOC_STRINGS = YES;
				SWIFT_VERSION = 5.0;
				TARGETED_DEVICE_FAMILY = "1,2";
			};
			name = Debug;
		};
		04A9A36A29F6097300690458 /* Release */ = {
			isa = XCBuildConfiguration;
			buildSettings = {
				ASSETCATALOG_COMPILER_APPICON_NAME = AppIcon;
				ASSETCATALOG_COMPILER_GLOBAL_ACCENT_COLOR_NAME = AccentColor;
				CODE_SIGN_STYLE = Automatic;
				CURRENT_PROJECT_VERSION = 1;
				DEVELOPMENT_TEAM = WZSGT99L6W;
				GENERATE_INFOPLIST_FILE = YES;
				INFOPLIST_FILE = CardWorkOutGame/Info.plist;
				INFOPLIST_KEY_UIApplicationSupportsIndirectInputEvents = YES;
				INFOPLIST_KEY_UILaunchStoryboardName = LaunchScreen;
				INFOPLIST_KEY_UIMainStoryboardFile = Main;
				INFOPLIST_KEY_UISupportedInterfaceOrientations_iPad = "UIInterfaceOrientationPortrait UIInterfaceOrientationPortraitUpsideDown UIInterfaceOrientationLandscapeLeft UIInterfaceOrientationLandscapeRight";
				INFOPLIST_KEY_UISupportedInterfaceOrientations_iPhone = "UIInterfaceOrientationPortrait UIInterfaceOrientationLandscapeLeft UIInterfaceOrientationLandscapeRight";
				LD_RUNPATH_SEARCH_PATHS = (
					"$(inherited)",
					"@executable_path/Frameworks",
				);
				MARKETING_VERSION = 1.0;
				PRODUCT_BUNDLE_IDENTIFIER = com.jkd.CardWorkOutGame;
				PRODUCT_NAME = "$(TARGET_NAME)";
				SWIFT_EMIT_LOC_STRINGS = YES;
				SWIFT_VERSION = 5.0;
				TARGETED_DEVICE_FAMILY = "1,2";
			};
			name = Release;
		};
/* End XCBuildConfiguration section */

/* Begin XCConfigurationList section */
		04A9A34F29F6097100690458 /* Build configuration list for PBXProject "CardWorkOutGame" */ = {
			isa = XCConfigurationList;
			buildConfigurations = (
				04A9A36629F6097300690458 /* Debug */,
				04A9A36729F6097300690458 /* Release */,
			);
			defaultConfigurationIsVisible = 0;
			defaultConfigurationName = Release;
		};
		04A9A36829F6097300690458 /* Build configuration list for PBXNativeTarget "CardWorkOutGame" */ = {
			isa = XCConfigurationList;
			buildConfigurations = (
				04A9A36929F6097300690458 /* Debug */,
				04A9A36A29F6097300690458 /* Release */,
			);
			defaultConfigurationIsVisible = 0;
			defaultConfigurationName = Release;
		};
/* End XCConfigurationList section */
	};
	rootObject = 04A9A34C29F6097100690458 /* Project object */;
}
